// !$*UTF8*$!
{
	archiveVersion = 1;
	classes = {
	};
	objectVersion = 50;
	objects = {

/* Begin PBXBuildFile section */
		A777A03524C3514600082AD4 /* TabItemView.swift in Sources */ = {isa = PBXBuildFile; fileRef = A777A03424C3514600082AD4 /* TabItemView.swift */; };
		A777A03724C369FE00082AD4 /* ProfileView.swift in Sources */ = {isa = PBXBuildFile; fileRef = A777A03624C369FE00082AD4 /* ProfileView.swift */; };
		A777A03A24C3900000082AD4 /* HeadingProfile.swift in Sources */ = {isa = PBXBuildFile; fileRef = A777A03924C3900000082AD4 /* HeadingProfile.swift */; };
		A777A03D24C3904B00082AD4 /* Profile.swift in Sources */ = {isa = PBXBuildFile; fileRef = A777A03C24C3904B00082AD4 /* Profile.swift */; };
		A777A03F24C3907200082AD4 /* RecipesBundles.swift in Sources */ = {isa = PBXBuildFile; fileRef = A777A03E24C3907200082AD4 /* RecipesBundles.swift */; };
		A7DAC28C24C27B5B00732D4B /* UI_RecipeAppApp.swift in Sources */ = {isa = PBXBuildFile; fileRef = A7DAC28B24C27B5B00732D4B /* UI_RecipeAppApp.swift */; };
		A7DAC28E24C27B5B00732D4B /* ContentView.swift in Sources */ = {isa = PBXBuildFile; fileRef = A7DAC28D24C27B5B00732D4B /* ContentView.swift */; };
		A7DAC29024C27B5C00732D4B /* Assets.xcassets in Resources */ = {isa = PBXBuildFile; fileRef = A7DAC28F24C27B5C00732D4B /* Assets.xcassets */; };
		A7DAC29324C27B5C00732D4B /* Preview Assets.xcassets in Resources */ = {isa = PBXBuildFile; fileRef = A7DAC29224C27B5C00732D4B /* Preview Assets.xcassets */; };
		A7DAC29B24C27E5100732D4B /* MainView.swift in Sources */ = {isa = PBXBuildFile; fileRef = A7DAC29A24C27E5100732D4B /* MainView.swift */; };
		A7DAC29D24C2820000732D4B /* Menu.swift in Sources */ = {isa = PBXBuildFile; fileRef = A7DAC29C24C2820000732D4B /* Menu.swift */; };
		A7DAC29F24C2907B00732D4B /* Card.swift in Sources */ = {isa = PBXBuildFile; fileRef = A7DAC29E24C2907B00732D4B /* Card.swift */; };
/* End PBXBuildFile section */

/* Begin PBXFileReference section */
		A777A03424C3514600082AD4 /* TabItemView.swift */ = {isa = PBXFileReference; lastKnownFileType = sourcecode.swift; path = TabItemView.swift; sourceTree = "<group>"; };
		A777A03624C369FE00082AD4 /* ProfileView.swift */ = {isa = PBXFileReference; lastKnownFileType = sourcecode.swift; path = ProfileView.swift; sourceTree = "<group>"; };
		A777A03924C3900000082AD4 /* HeadingProfile.swift */ = {isa = PBXFileReference; lastKnownFileType = sourcecode.swift; path = HeadingProfile.swift; sourceTree = "<group>"; };
		A777A03C24C3904B00082AD4 /* Profile.swift */ = {isa = PBXFileReference; lastKnownFileType = sourcecode.swift; path = Profile.swift; sourceTree = "<group>"; };
		A777A03E24C3907200082AD4 /* RecipesBundles.swift */ = {isa = PBXFileReference; lastKnownFileType = sourcecode.swift; path = RecipesBundles.swift; sourceTree = "<group>"; };
		A7DAC28824C27B5B00732D4B /* UI-RecipeApp.app */ = {isa = PBXFileReference; explicitFileType = wrapper.application; includeInIndex = 0; path = "UI-RecipeApp.app"; sourceTree = BUILT_PRODUCTS_DIR; };
		A7DAC28B24C27B5B00732D4B /* UI_RecipeAppApp.swift */ = {isa = PBXFileReference; lastKnownFileType = sourcecode.swift; path = UI_RecipeAppApp.swift; sourceTree = "<group>"; };
		A7DAC28D24C27B5B00732D4B /* ContentView.swift */ = {isa = PBXFileReference; lastKnownFileType = sourcecode.swift; path = ContentView.swift; sourceTree = "<group>"; };
		A7DAC28F24C27B5C00732D4B /* Assets.xcassets */ = {isa = PBXFileReference; lastKnownFileType = folder.assetcatalog; path = Assets.xcassets; sourceTree = "<group>"; };
		A7DAC29224C27B5C00732D4B /* Preview Assets.xcassets */ = {isa = PBXFileReference; lastKnownFileType = folder.assetcatalog; path = "Preview Assets.xcassets"; sourceTree = "<group>"; };
		A7DAC29424C27B5C00732D4B /* Info.plist */ = {isa = PBXFileReference; lastKnownFileType = text.plist.xml; path = Info.plist; sourceTree = "<group>"; };
		A7DAC29A24C27E5100732D4B /* MainView.swift */ = {isa = PBXFileReference; lastKnownFileType = sourcecode.swift; path = MainView.swift; sourceTree = "<group>"; };
		A7DAC29C24C2820000732D4B /* Menu.swift */ = {isa = PBXFileReference; lastKnownFileType = sourcecode.swift; path = Menu.swift; sourceTree = "<group>"; };
		A7DAC29E24C2907B00732D4B /* Card.swift */ = {isa = PBXFileReference; lastKnownFileType = sourcecode.swift; path = Card.swift; sourceTree = "<group>"; };
/* End PBXFileReference section */

/* Begin PBXFrameworksBuildPhase section */
		A7DAC28524C27B5B00732D4B /* Frameworks */ = {
			isa = PBXFrameworksBuildPhase;
			buildActionMask = 2147483647;
			files = (
			);
			runOnlyForDeploymentPostprocessing = 0;
		};
/* End PBXFrameworksBuildPhase section */

/* Begin PBXGroup section */
		A777A03824C36A7300082AD4 /* Components */ = {
			isa = PBXGroup;
			children = (
				A777A03924C3900000082AD4 /* HeadingProfile.swift */,
				A7DAC29C24C2820000732D4B /* Menu.swift */,
				A7DAC29E24C2907B00732D4B /* Card.swift */,
				A777A03424C3514600082AD4 /* TabItemView.swift */,
			);
			name = Components;
			sourceTree = "<group>";
		};
		A777A03B24C3903F00082AD4 /* Models */ = {
			isa = PBXGroup;
			children = (
				A777A03C24C3904B00082AD4 /* Profile.swift */,
				A777A03E24C3907200082AD4 /* RecipesBundles.swift */,
			);
			name = Models;
			sourceTree = "<group>";
		};
		A7DAC27F24C27B5B00732D4B = {
			isa = PBXGroup;
			children = (
				A7DAC28A24C27B5B00732D4B /* UI-RecipeApp */,
				A7DAC28924C27B5B00732D4B /* Products */,
			);
			sourceTree = "<group>";
		};
		A7DAC28924C27B5B00732D4B /* Products */ = {
			isa = PBXGroup;
			children = (
				A7DAC28824C27B5B00732D4B /* UI-RecipeApp.app */,
			);
			name = Products;
			sourceTree = "<group>";
		};
		A7DAC28A24C27B5B00732D4B /* UI-RecipeApp */ = {
			isa = PBXGroup;
			children = (
				A777A03B24C3903F00082AD4 /* Models */,
				A777A03824C36A7300082AD4 /* Components */,
				A7DAC28B24C27B5B00732D4B /* UI_RecipeAppApp.swift */,
				A7DAC28D24C27B5B00732D4B /* ContentView.swift */,
				A7DAC29A24C27E5100732D4B /* MainView.swift */,
				A777A03624C369FE00082AD4 /* ProfileView.swift */,
				A7DAC28F24C27B5C00732D4B /* Assets.xcassets */,
				A7DAC29424C27B5C00732D4B /* Info.plist */,
				A7DAC29124C27B5C00732D4B /* Preview Content */,
			);
			path = "UI-RecipeApp";
			sourceTree = "<group>";
		};
		A7DAC29124C27B5C00732D4B /* Preview Content */ = {
			isa = PBXGroup;
			children = (
				A7DAC29224C27B5C00732D4B /* Preview Assets.xcassets */,
			);
			path = "Preview Content";
			sourceTree = "<group>";
		};
/* End PBXGroup section */

/* Begin PBXNativeTarget section */
		A7DAC28724C27B5B00732D4B /* UI-RecipeApp */ = {
			isa = PBXNativeTarget;
			buildConfigurationList = A7DAC29724C27B5C00732D4B /* Build configuration list for PBXNativeTarget "UI-RecipeApp" */;
			buildPhases = (
				A7DAC28424C27B5B00732D4B /* Sources */,
				A7DAC28524C27B5B00732D4B /* Frameworks */,
				A7DAC28624C27B5B00732D4B /* Resources */,
			);
			buildRules = (
			);
			dependencies = (
			);
			name = "UI-RecipeApp";
			productName = "UI-RecipeApp";
			productReference = A7DAC28824C27B5B00732D4B /* UI-RecipeApp.app */;
			productType = "com.apple.product-type.application";
		};
/* End PBXNativeTarget section */

/* Begin PBXProject section */
		A7DAC28024C27B5B00732D4B /* Project object */ = {
			isa = PBXProject;
			attributes = {
				LastSwiftUpdateCheck = 1200;
				LastUpgradeCheck = 1200;
				TargetAttributes = {
					A7DAC28724C27B5B00732D4B = {
						CreatedOnToolsVersion = 12.0;
					};
				};
			};
			buildConfigurationList = A7DAC28324C27B5B00732D4B /* Build configuration list for PBXProject "UI-RecipeApp" */;
			compatibilityVersion = "Xcode 9.3";
			developmentRegion = en;
			hasScannedForEncodings = 0;
			knownRegions = (
				en,
				Base,
			);
			mainGroup = A7DAC27F24C27B5B00732D4B;
			productRefGroup = A7DAC28924C27B5B00732D4B /* Products */;
			projectDirPath = "";
			projectRoot = "";
			targets = (
				A7DAC28724C27B5B00732D4B /* UI-RecipeApp */,
			);
		};
/* End PBXProject section */

/* Begin PBXResourcesBuildPhase section */
		A7DAC28624C27B5B00732D4B /* Resources */ = {
			isa = PBXResourcesBuildPhase;
			buildActionMask = 2147483647;
			files = (
				A7DAC29324C27B5C00732D4B /* Preview Assets.xcassets in Resources */,
				A7DAC29024C27B5C00732D4B /* Assets.xcassets in Resources */,
			);
			runOnlyForDeploymentPostprocessing = 0;
		};
/* End PBXResourcesBuildPhase section */

/* Begin PBXSourcesBuildPhase section */
		A7DAC28424C27B5B00732D4B /* Sources */ = {
			isa = PBXSourcesBuildPhase;
			buildActionMask = 2147483647;
			files = (
				A777A03A24C3900000082AD4 /* HeadingProfile.swift in Sources */,
				A7DAC28E24C27B5B00732D4B /* ContentView.swift in Sources */,
				A7DAC29B24C27E5100732D4B /* MainView.swift in Sources */,
				A7DAC29F24C2907B00732D4B /* Card.swift in Sources */,
				A777A03524C3514600082AD4 /* TabItemView.swift in Sources */,
				A7DAC29D24C2820000732D4B /* Menu.swift in Sources */,
				A777A03724C369FE00082AD4 /* ProfileView.swift in Sources */,
				A777A03F24C3907200082AD4 /* RecipesBundles.swift in Sources */,
				A777A03D24C3904B00082AD4 /* Profile.swift in Sources */,
				A7DAC28C24C27B5B00732D4B /* UI_RecipeAppApp.swift in Sources */,
			);
			runOnlyForDeploymentPostprocessing = 0;
		};
/* End PBXSourcesBuildPhase section */

/* Begin XCBuildConfiguration section */
		A7DAC29524C27B5C00732D4B /* Debug */ = {
			isa = XCBuildConfiguration;
			buildSettings = {
				ALWAYS_SEARCH_USER_PATHS = NO;
				CLANG_ANALYZER_NONNULL = YES;
				CLANG_ANALYZER_NUMBER_OBJECT_CONVERSION = YES_AGGRESSIVE;
				CLANG_CXX_LANGUAGE_STANDARD = "gnu++14";
				CLANG_CXX_LIBRARY = "libc++";
				CLANG_ENABLE_MODULES = YES;
				CLANG_ENABLE_OBJC_ARC = YES;
				CLANG_ENABLE_OBJC_WEAK = YES;
				CLANG_WARN_BLOCK_CAPTURE_AUTORELEASING = YES;
				CLANG_WARN_BOOL_CONVERSION = YES;
				CLANG_WARN_COMMA = YES;
				CLANG_WARN_CONSTANT_CONVERSION = YES;
				CLANG_WARN_DEPRECATED_OBJC_IMPLEMENTATIONS = YES;
				CLANG_WARN_DIRECT_OBJC_ISA_USAGE = YES_ERROR;
				CLANG_WARN_DOCUMENTATION_COMMENTS = YES;
				CLANG_WARN_EMPTY_BODY = YES;
				CLANG_WARN_ENUM_CONVERSION = YES;
				CLANG_WARN_INFINITE_RECURSION = YES;
				CLANG_WARN_INT_CONVERSION = YES;
				CLANG_WARN_NON_LITERAL_NULL_CONVERSION = YES;
				CLANG_WARN_OBJC_IMPLICIT_RETAIN_SELF = YES;
				CLANG_WARN_OBJC_LITERAL_CONVERSION = YES;
				CLANG_WARN_OBJC_ROOT_CLASS = YES_ERROR;
				CLANG_WARN_QUOTED_INCLUDE_IN_FRAMEWORK_HEADER = YES;
				CLANG_WARN_RANGE_LOOP_ANALYSIS = YES;
				CLANG_WARN_STRICT_PROTOTYPES = YES;
				CLANG_WARN_SUSPICIOUS_MOVE = YES;
				CLANG_WARN_UNGUARDED_AVAILABILITY = YES_AGGRESSIVE;
				CLANG_WARN_UNREACHABLE_CODE = YES;
				CLANG_WARN__DUPLICATE_METHOD_MATCH = YES;
				COPY_PHASE_STRIP = NO;
				DEBUG_INFORMATION_FORMAT = dwarf;
				ENABLE_STRICT_OBJC_MSGSEND = YES;
				ENABLE_TESTABILITY = YES;
				GCC_C_LANGUAGE_STANDARD = gnu11;
				GCC_DYNAMIC_NO_PIC = NO;
				GCC_NO_COMMON_BLOCKS = YES;
				GCC_OPTIMIZATION_LEVEL = 0;
				GCC_PREPROCESSOR_DEFINITIONS = (
					"DEBUG=1",
					"$(inherited)",
				);
				GCC_WARN_64_TO_32_BIT_CONVERSION = YES;
				GCC_WARN_ABOUT_RETURN_TYPE = YES_ERROR;
				GCC_WARN_UNDECLARED_SELECTOR = YES;
				GCC_WARN_UNINITIALIZED_AUTOS = YES_AGGRESSIVE;
				GCC_WARN_UNUSED_FUNCTION = YES;
				GCC_WARN_UNUSED_VARIABLE = YES;
				IPHONEOS_DEPLOYMENT_TARGET = 14.0;
				MTL_ENABLE_DEBUG_INFO = INCLUDE_SOURCE;
				MTL_FAST_MATH = YES;
				ONLY_ACTIVE_ARCH = YES;
				SDKROOT = iphoneos;
				SWIFT_ACTIVE_COMPILATION_CONDITIONS = DEBUG;
				SWIFT_OPTIMIZATION_LEVEL = "-Onone";
			};
			name = Debug;
		};
		A7DAC29624C27B5C00732D4B /* Release */ = {
			isa = XCBuildConfiguration;
			buildSettings = {
				ALWAYS_SEARCH_USER_PATHS = NO;
				CLANG_ANALYZER_NONNULL = YES;
				CLANG_ANALYZER_NUMBER_OBJECT_CONVERSION = YES_AGGRESSIVE;
				CLANG_CXX_LANGUAGE_STANDARD = "gnu++14";
				CLANG_CXX_LIBRARY = "libc++";
				CLANG_ENABLE_MODULES = YES;
				CLANG_ENABLE_OBJC_ARC = YES;
				CLANG_ENABLE_OBJC_WEAK = YES;
				CLANG_WARN_BLOCK_CAPTURE_AUTORELEASING = YES;
				CLANG_WARN_BOOL_CONVERSION = YES;
				CLANG_WARN_COMMA = YES;
				CLANG_WARN_CONSTANT_CONVERSION = YES;
				CLANG_WARN_DEPRECATED_OBJC_IMPLEMENTATIONS = YES;
				CLANG_WARN_DIRECT_OBJC_ISA_USAGE = YES_ERROR;
				CLANG_WARN_DOCUMENTATION_COMMENTS = YES;
				CLANG_WARN_EMPTY_BODY = YES;
				CLANG_WARN_ENUM_CONVERSION = YES;
				CLANG_WARN_INFINITE_RECURSION = YES;
				CLANG_WARN_INT_CONVERSION = YES;
				CLANG_WARN_NON_LITERAL_NULL_CONVERSION = YES;
				CLANG_WARN_OBJC_IMPLICIT_RETAIN_SELF = YES;
				CLANG_WARN_OBJC_LITERAL_CONVERSION = YES;
				CLANG_WARN_OBJC_ROOT_CLASS = YES_ERROR;
				CLANG_WARN_QUOTED_INCLUDE_IN_FRAMEWORK_HEADER = YES;
				CLANG_WARN_RANGE_LOOP_ANALYSIS = YES;
				CLANG_WARN_STRICT_PROTOTYPES = YES;
				CLANG_WARN_SUSPICIOUS_MOVE = YES;
				CLANG_WARN_UNGUARDED_AVAILABILITY = YES_AGGRESSIVE;
				CLANG_WARN_UNREACHABLE_CODE = YES;
				CLANG_WARN__DUPLICATE_METHOD_MATCH = YES;
				COPY_PHASE_STRIP = NO;
				DEBUG_INFORMATION_FORMAT = "dwarf-with-dsym";
				ENABLE_NS_ASSERTIONS = NO;
				ENABLE_STRICT_OBJC_MSGSEND = YES;
				GCC_C_LANGUAGE_STANDARD = gnu11;
				GCC_NO_COMMON_BLOCKS = YES;
				GCC_WARN_64_TO_32_BIT_CONVERSION = YES;
				GCC_WARN_ABOUT_RETURN_TYPE = YES_ERROR;
				GCC_WARN_UNDECLARED_SELECTOR = YES;
				GCC_WARN_UNINITIALIZED_AUTOS = YES_AGGRESSIVE;
				GCC_WARN_UNUSED_FUNCTION = YES;
				GCC_WARN_UNUSED_VARIABLE = YES;
				IPHONEOS_DEPLOYMENT_TARGET = 14.0;
				MTL_ENABLE_DEBUG_INFO = NO;
				MTL_FAST_MATH = YES;
				SDKROOT = iphoneos;
				SWIFT_COMPILATION_MODE = wholemodule;
				SWIFT_OPTIMIZATION_LEVEL = "-O";
				VALIDATE_PRODUCT = YES;
			};
			name = Release;
		};
		A7DAC29824C27B5C00732D4B /* Debug */ = {
			isa = XCBuildConfiguration;
			buildSettings = {
				ASSETCATALOG_COMPILER_APPICON_NAME = AppIcon;
				ASSETCATALOG_COMPILER_GLOBAL_ACCENT_COLOR_NAME = AccentColor;
				CODE_SIGN_STYLE = Automatic;
				DEVELOPMENT_ASSET_PATHS = "\"UI-RecipeApp/Preview Content\"";
				DEVELOPMENT_TEAM = 37ERUH9595;
				ENABLE_PREVIEWS = YES;
				INFOPLIST_FILE = "UI-RecipeApp/Info.plist";
				IPHONEOS_DEPLOYMENT_TARGET = 14.0;
				LD_RUNPATH_SEARCH_PATHS = (
					"$(inherited)",
					"@executable_path/Frameworks",
				);
				PRODUCT_BUNDLE_IDENTIFIER = "com.projectd.UI-RecipeApp";
				PRODUCT_NAME = "$(TARGET_NAME)";
				SWIFT_VERSION = 5.0;
				TARGETED_DEVICE_FAMILY = "1,2";
			};
			name = Debug;
		};
		A7DAC29924C27B5C00732D4B /* Release */ = {
			isa = XCBuildConfiguration;
			buildSettings = {
				ASSETCATALOG_COMPILER_APPICON_NAME = AppIcon;
				ASSETCATALOG_COMPILER_GLOBAL_ACCENT_COLOR_NAME = AccentColor;
				CODE_SIGN_STYLE = Automatic;
				DEVELOPMENT_ASSET_PATHS = "\"UI-RecipeApp/Preview Content\"";
				DEVELOPMENT_TEAM = 37ERUH9595;
				ENABLE_PREVIEWS = YES;
				INFOPLIST_FILE = "UI-RecipeApp/Info.plist";
				IPHONEOS_DEPLOYMENT_TARGET = 14.0;
				LD_RUNPATH_SEARCH_PATHS = (
					"$(inherited)",
					"@executable_path/Frameworks",
				);
				PRODUCT_BUNDLE_IDENTIFIER = "com.projectd.UI-RecipeApp";
				PRODUCT_NAME = "$(TARGET_NAME)";
				SWIFT_VERSION = 5.0;
				TARGETED_DEVICE_FAMILY = "1,2";
			};
			name = Release;
		};
/* End XCBuildConfiguration section */

/* Begin XCConfigurationList section */
		A7DAC28324C27B5B00732D4B /* Build configuration list for PBXProject "UI-RecipeApp" */ = {
			isa = XCConfigurationList;
			buildConfigurations = (
				A7DAC29524C27B5C00732D4B /* Debug */,
				A7DAC29624C27B5C00732D4B /* Release */,
			);
			defaultConfigurationIsVisible = 0;
			defaultConfigurationName = Release;
		};
		A7DAC29724C27B5C00732D4B /* Build configuration list for PBXNativeTarget "UI-RecipeApp" */ = {
			isa = XCConfigurationList;
			buildConfigurations = (
				A7DAC29824C27B5C00732D4B /* Debug */,
				A7DAC29924C27B5C00732D4B /* Release */,
			);
			defaultConfigurationIsVisible = 0;
			defaultConfigurationName = Release;
		};
/* End XCConfigurationList section */
	};
	rootObject = A7DAC28024C27B5B00732D4B /* Project object */;
}
